<?xml version="1.0" encoding="utf-8"?>
<Project ToolsVersion="4.0" xmlns="http://schemas.microsoft.com/developer/msbuild/2003">
  <ItemGroup>
    <Filter Include="Source Files">
      <UniqueIdentifier>{4FC737F1-C7A5-4376-A066-2A32D752A2FF}</UniqueIdentifier>
      <Extensions>cpp;c;cc;cxx;c++;cppm;ixx;def;odl;idl;hpj;bat;asm;asmx</Extensions>
    </Filter>
    <Filter Include="Header Files">
      <UniqueIdentifier>{93995380-89BD-4b04-88EB-625FBE52EBFB}</UniqueIdentifier>
      <Extensions>h;hh;hpp;hxx;h++;hm;inl;inc;ipp;xsd</Extensions>
    </Filter>
    <Filter Include="Resource Files">
      <UniqueIdentifier>{67DA6AB6-F800-4c08-8B7A-83BB121AAD01}</UniqueIdentifier>
      <Extensions>rc;ico;cur;bmp;dlg;rc2;rct;bin;rgs;gif;jpg;jpeg;jpe;resx;tiff;tif;png;wav;mfcribbon-ms</Extensions>
    </Filter>
    <Filter Include="Source Files\CodeJam">
      <UniqueIdentifier>{ce88adc9-0951-47bb-b4cf-2293229e472d}</UniqueIdentifier>
    </Filter>
    <Filter Include="Source Files\Round 105 Div. 2">
      <UniqueIdentifier>{26e56a8a-ffdc-47aa-b05a-3b33a09a8e8d}</UniqueIdentifier>
    </Filter>
    <Filter Include="Source Files\UTPC Div. 2">
      <UniqueIdentifier>{df6b3e51-627b-4690-a224-517b7f7c83a3}</UniqueIdentifier>
    </Filter>
    <Filter Include="Source Files\UTPC Div. 1">
      <UniqueIdentifier>{91709f15-21c6-4829-954e-c09b2e278a52}</UniqueIdentifier>
    </Filter>
    <Filter Include="Source Files\Round 710 Div. 3">
      <UniqueIdentifier>{6e4700ab-59f6-457d-a1cb-b3c742dd7b67}</UniqueIdentifier>
    </Filter>
    <Filter Include="Source Files\Round 707 Div. 1">
      <UniqueIdentifier>{2ba112bd-8150-41f6-ba1a-a27e63063bb5}</UniqueIdentifier>
    </Filter>
    <Filter Include="Source Files\Round 707 Div. 2">
      <UniqueIdentifier>{b4865be3-3485-448e-8055-bffe02cb9f3d}</UniqueIdentifier>
    </Filter>
    <Filter Include="Source Files\Round 106 Div. 2">
      <UniqueIdentifier>{9dc9b8dc-1698-480d-8217-e0dd1945d094}</UniqueIdentifier>
    </Filter>
    <Filter Include="Source Files\Round 708 Div. 2">
      <UniqueIdentifier>{2b081a5b-fbae-4635-87c2-1dd85757e206}</UniqueIdentifier>
    </Filter>
    <Filter Include="Source Files\Round 706 Div. 2">
      <UniqueIdentifier>{c026df6d-9923-411d-8376-ac00d22f32d3}</UniqueIdentifier>
    </Filter>
    <Filter Include="Source Files\Round 706 Div. 1">
      <UniqueIdentifier>{6a089b1a-057b-4b89-a5c8-986eb27813ef}</UniqueIdentifier>
    </Filter>
    <Filter Include="Source Files\Round 705 Div. 2">
      <UniqueIdentifier>{4327ad1c-31af-447e-9cdb-2a86b043f00c}</UniqueIdentifier>
    </Filter>
    <Filter Include="Source Files\Round 93 Div.  2">
      <UniqueIdentifier>{97bde123-323a-4819-99e3-f0e50d05ac9a}</UniqueIdentifier>
    </Filter>
    <Filter Include="Source Files\Round 704 Div. 2">
      <UniqueIdentifier>{71b7d623-121e-4c54-b754-9eaee986b09b}</UniqueIdentifier>
    </Filter>
    <Filter Include="Source Files\Round 13">
      <UniqueIdentifier>{0749c0ba-257d-44a4-8328-e615d89da39a}</UniqueIdentifier>
    </Filter>
    <Filter Include="Source Files\Round 712 Div. 2">
      <UniqueIdentifier>{77ff11ff-6af0-4b07-9af2-af5ee7e348ba}</UniqueIdentifier>
    </Filter>
    <Filter Include="Source Files\Round 712 Div. 1">
      <UniqueIdentifier>{c1668276-5f5d-429d-92a3-d611b67f641a}</UniqueIdentifier>
    </Filter>
    <Filter Include="Source Files\Round 711 Div. 2">
      <UniqueIdentifier>{1fb0533c-8945-4a1a-9c43-b292042136d0}</UniqueIdentifier>
    </Filter>
    <Filter Include="Source Files\CodeJam Round 1A">
      <UniqueIdentifier>{bbaa56d6-bfb7-4aa9-8fa3-41ad5f469eb6}</UniqueIdentifier>
    </Filter>
    <Filter Include="Source Files\Round 703 Div. 3">
      <UniqueIdentifier>{4a2aa0e9-77be-44ee-9373-805e71686724}</UniqueIdentifier>
    </Filter>
    <Filter Include="Source Files\Round 714 Div. 2">
      <UniqueIdentifier>{c012667e-5768-4486-be23-e51d75f19e6d}</UniqueIdentifier>
    </Filter>
    <Filter Include="Source Files\Round 715 Div. 2">
      <UniqueIdentifier>{e73e66f6-cb86-49cc-a34b-1e174e2dbb97}</UniqueIdentifier>
    </Filter>
    <Filter Include="Source Files\CodeJam Round 1B">
      <UniqueIdentifier>{ecd8b872-a629-496f-9e17-a473dee88d28}</UniqueIdentifier>
    </Filter>
    <Filter Include="Source Files\Round 718">
      <UniqueIdentifier>{a1fc828d-6f73-4452-a86a-9f0cbb90fb56}</UniqueIdentifier>
    </Filter>
    <Filter Include="Source Files\Round 108">
      <UniqueIdentifier>{d6780453-c848-47fe-b6c2-471d3b7d4ad0}</UniqueIdentifier>
    </Filter>
    <Filter Include="Source Files\ICPC Russia">
      <UniqueIdentifier>{1981feb4-eb26-4417-b851-3e5620deee85}</UniqueIdentifier>
    </Filter>
    <Filter Include="Source Files\Round 720 Div. 2">
      <UniqueIdentifier>{369eba7e-c8c0-4831-a389-6eb46d3dbbe2}</UniqueIdentifier>
    </Filter>
    <Filter Include="Source Files\Round 719 Div. 3">
      <UniqueIdentifier>{e09cfa10-795a-4a95-a568-9ff12b79b6e0}</UniqueIdentifier>
    </Filter>
    <Filter Include="Source Files\UCLA">
      <UniqueIdentifier>{07f395fb-8618-415b-89ae-ffc264dd4e86}</UniqueIdentifier>
    </Filter>
    <Filter Include="Source Files\Round 727 Div. 2">
      <UniqueIdentifier>{367822df-2f2e-4749-bfb3-199b405da513}</UniqueIdentifier>
    </Filter>
    <Filter Include="Source Files\Round 725 Div. 3">
      <UniqueIdentifier>{3a9a5b31-74b2-4799-b29a-c3ebb43892ba}</UniqueIdentifier>
    </Filter>
    <Filter Include="Source Files\Round 728 Div. 1">
      <UniqueIdentifier>{cb4f7205-3296-4e4a-bca3-a9d5021f6a80}</UniqueIdentifier>
    </Filter>
    <Filter Include="Source Files\Round 731 Div. 3">
      <UniqueIdentifier>{443645c1-80df-47f1-9fea-7f5fe3cf1d5c}</UniqueIdentifier>
    </Filter>
    <Filter Include="Source Files\Round 729 Div. 2">
      <UniqueIdentifier>{f23fb686-93bd-48b4-8b4b-d05f85aaed70}</UniqueIdentifier>
    </Filter>
    <Filter Include="Source Files\Round 726 Div. 2">
      <UniqueIdentifier>{b476a233-ee94-4776-ac43-f662440e09e1}</UniqueIdentifier>
    </Filter>
    <Filter Include="Source Files\Round 723 Div. 2">
      <UniqueIdentifier>{724bfb6b-9a87-423a-bc5e-a2a8f5664a75}</UniqueIdentifier>
    </Filter>
    <Filter Include="Source Files\Global Round 15">
      <UniqueIdentifier>{54e143f7-b699-49d5-a4fe-352dc0ff4a01}</UniqueIdentifier>
    </Filter>
    <Filter Include="Source Files\Round 734 Div. 3">
      <UniqueIdentifier>{73bf7907-12af-4de5-a1f6-8af3df10242b}</UniqueIdentifier>
    </Filter>
    <Filter Include="Source Files\Round 735 Div. 2">
      <UniqueIdentifier>{666373e7-9d52-42d3-90f7-a3805bf7d835}</UniqueIdentifier>
    </Filter>
    <Filter Include="Source Files\Education Round 112 Div. 2">
      <UniqueIdentifier>{4348b6b9-413a-48f3-ae4f-e440b929820c}</UniqueIdentifier>
    </Filter>
    <Filter Include="Source Files\Round 721 Div. 2">
      <UniqueIdentifier>{9af33577-449c-44ed-a42e-c8c33b9cd2f6}</UniqueIdentifier>
    </Filter>
    <Filter Include="Source Files\Harbour Space">
      <UniqueIdentifier>{0d4b95cc-5fa9-4d46-bbf8-cc9fc20560a6}</UniqueIdentifier>
    </Filter>
    <Filter Include="Source Files\Round 739 Div. 3">
      <UniqueIdentifier>{da83d662-eb51-40c9-a173-7b52ba765c88}</UniqueIdentifier>
    </Filter>
    <Filter Include="Source Files\Round 738 Div. 2">
      <UniqueIdentifier>{421dbb60-2629-4221-8998-188dddedc04d}</UniqueIdentifier>
    </Filter>
    <Filter Include="Source Files\Round 737 Div. 2">
      <UniqueIdentifier>{6d638df4-217f-4c62-af7c-f08654f11da6}</UniqueIdentifier>
    </Filter>
    <Filter Include="Source Files\Round 733">
      <UniqueIdentifier>{8f11f8ae-5749-431f-8150-471b10fc8df3}</UniqueIdentifier>
    </Filter>
    <Filter Include="Source Files\Round 740 Div. 1">
      <UniqueIdentifier>{4e778c2d-f6f3-47e9-bc25-ab4c97f417bc}</UniqueIdentifier>
    </Filter>
    <Filter Include="Source Files\Round 740 Div. 2">
      <UniqueIdentifier>{e1979554-1504-4c24-92b4-0a59a0d51cd9}</UniqueIdentifier>
    </Filter>
    <Filter Include="Source Files\Facebook Hacker Cup">
      <UniqueIdentifier>{8eea6dd6-ba52-4bfa-ac68-cf7d78e5612a}</UniqueIdentifier>
    </Filter>
    <Filter Include="Source Files\Deltix Summer 2021">
      <UniqueIdentifier>{56ed3421-00ce-49f0-b51d-ee09d4ad233f}</UniqueIdentifier>
    </Filter>
    <Filter Include="Source Files\Round 111 Div. 2">
      <UniqueIdentifier>{40bd3b64-aef4-45ca-80a2-2f4a6af6d35c}</UniqueIdentifier>
    </Filter>
    <Filter Include="Source Files\Round 741 Div. 2">
      <UniqueIdentifier>{34121b6c-b92b-49da-a036-e4318603487f}</UniqueIdentifier>
    </Filter>
    <Filter Include="Source Files\Round 736 Div. 2">
      <UniqueIdentifier>{55318596-c194-4143-b631-656596c11b4c}</UniqueIdentifier>
    </Filter>
    <Filter Include="Source Files\Round 734 Div. 2">
      <UniqueIdentifier>{e7de5e0d-1731-48b8-9f44-a816063d9f5f}</UniqueIdentifier>
    </Filter>
    <Filter Include="Source Files\Round 743 Div. 2">
      <UniqueIdentifier>{f5ab755f-6818-4b87-89da-1b3f07fade53}</UniqueIdentifier>
    </Filter>
    <Filter Include="Source Files\Round 743 Div. 1">
      <UniqueIdentifier>{3bd73f4a-90cf-46b5-aeb0-4e992c3e246f}</UniqueIdentifier>
    </Filter>
    <Filter Include="Source Files\Round 113 Div. 2">
      <UniqueIdentifier>{8c8e829c-0ee0-44b8-879d-2ab472c81b2e}</UniqueIdentifier>
    </Filter>
    <Filter Include="Source Files\1500%27s problem">
      <UniqueIdentifier>{d2f1967a-58e4-4093-bc70-8ec96f4de048}</UniqueIdentifier>
    </Filter>
  </ItemGroup>
  <ItemGroup>
    <ClInclude Include="bigint.h">
      <Filter>Source Files</Filter>
    </ClInclude>
  </ItemGroup>
  <ItemGroup>
    <ClCompile Include="1066D.cpp">
      <Filter>Source Files</Filter>
    </ClCompile>
  </ItemGroup>
</Project>