<?xml version="1.0" encoding="utf-8"?>
<Project ToolsVersion="4.0" xmlns="http://schemas.microsoft.com/developer/msbuild/2003">
  <ItemGroup>
    <Filter Include="Source Files">
      <UniqueIdentifier>{4FC737F1-C7A5-4376-A066-2A32D752A2FF}</UniqueIdentifier>
      <Extensions>cpp;c;cc;cxx;c++;cppm;ixx;def;odl;idl;hpj;bat;asm;asmx</Extensions>
    </Filter>
    <Filter Include="Header Files">
      <UniqueIdentifier>{93995380-89BD-4b04-88EB-625FBE52EBFB}</UniqueIdentifier>
      <Extensions>h;hh;hpp;hxx;h++;hm;inl;inc;ipp;xsd</Extensions>
    </Filter>
    <Filter Include="Resource Files">
      <UniqueIdentifier>{67DA6AB6-F800-4c08-8B7A-83BB121AAD01}</UniqueIdentifier>
      <Extensions>rc;ico;cur;bmp;dlg;rc2;rct;bin;rgs;gif;jpg;jpeg;jpe;resx;tiff;tif;png;wav;mfcribbon-ms</Extensions>
    </Filter>
    <Filter Include="Source Files\CodeJam">
      <UniqueIdentifier>{ce88adc9-0951-47bb-b4cf-2293229e472d}</UniqueIdentifier>
    </Filter>
    <Filter Include="Source Files\Round 105 Div. 2">
      <UniqueIdentifier>{26e56a8a-ffdc-47aa-b05a-3b33a09a8e8d}</UniqueIdentifier>
    </Filter>
    <Filter Include="Source Files\UTPC Div. 2">
      <UniqueIdentifier>{df6b3e51-627b-4690-a224-517b7f7c83a3}</UniqueIdentifier>
    </Filter>
    <Filter Include="Source Files\UTPC Div. 1">
      <UniqueIdentifier>{91709f15-21c6-4829-954e-c09b2e278a52}</UniqueIdentifier>
    </Filter>
    <Filter Include="Source Files\Round 710 Div. 3">
      <UniqueIdentifier>{6e4700ab-59f6-457d-a1cb-b3c742dd7b67}</UniqueIdentifier>
    </Filter>
    <Filter Include="Source Files\Round 707 Div. 1">
      <UniqueIdentifier>{2ba112bd-8150-41f6-ba1a-a27e63063bb5}</UniqueIdentifier>
    </Filter>
    <Filter Include="Source Files\Round 707 Div. 2">
      <UniqueIdentifier>{b4865be3-3485-448e-8055-bffe02cb9f3d}</UniqueIdentifier>
    </Filter>
    <Filter Include="Source Files\Round 106 Div. 2">
      <UniqueIdentifier>{9dc9b8dc-1698-480d-8217-e0dd1945d094}</UniqueIdentifier>
    </Filter>
    <Filter Include="Source Files\Round 708 Div. 2">
      <UniqueIdentifier>{2b081a5b-fbae-4635-87c2-1dd85757e206}</UniqueIdentifier>
    </Filter>
    <Filter Include="Source Files\Round 706 Div. 2">
      <UniqueIdentifier>{c026df6d-9923-411d-8376-ac00d22f32d3}</UniqueIdentifier>
    </Filter>
    <Filter Include="Source Files\Round 706 Div. 1">
      <UniqueIdentifier>{6a089b1a-057b-4b89-a5c8-986eb27813ef}</UniqueIdentifier>
    </Filter>
    <Filter Include="Source Files\Round 705 Div. 2">
      <UniqueIdentifier>{4327ad1c-31af-447e-9cdb-2a86b043f00c}</UniqueIdentifier>
    </Filter>
    <Filter Include="Source Files\Round 93 Div.  2">
      <UniqueIdentifier>{97bde123-323a-4819-99e3-f0e50d05ac9a}</UniqueIdentifier>
    </Filter>
    <Filter Include="Source Files\Round 704 Div. 2">
      <UniqueIdentifier>{71b7d623-121e-4c54-b754-9eaee986b09b}</UniqueIdentifier>
    </Filter>
    <Filter Include="Source Files\Round 13">
      <UniqueIdentifier>{0749c0ba-257d-44a4-8328-e615d89da39a}</UniqueIdentifier>
    </Filter>
    <Filter Include="Source Files\Round 712 Div. 2">
      <UniqueIdentifier>{77ff11ff-6af0-4b07-9af2-af5ee7e348ba}</UniqueIdentifier>
    </Filter>
    <Filter Include="Source Files\Round 712 Div. 1">
      <UniqueIdentifier>{c1668276-5f5d-429d-92a3-d611b67f641a}</UniqueIdentifier>
    </Filter>
    <Filter Include="Source Files\Round 711 Div. 2">
      <UniqueIdentifier>{1fb0533c-8945-4a1a-9c43-b292042136d0}</UniqueIdentifier>
    </Filter>
    <Filter Include="Source Files\CodeJam Round 1A">
      <UniqueIdentifier>{bbaa56d6-bfb7-4aa9-8fa3-41ad5f469eb6}</UniqueIdentifier>
    </Filter>
    <Filter Include="Source Files\Round 703 Div. 3">
      <UniqueIdentifier>{4a2aa0e9-77be-44ee-9373-805e71686724}</UniqueIdentifier>
    </Filter>
    <Filter Include="Source Files\Round 714 Div. 2">
      <UniqueIdentifier>{c012667e-5768-4486-be23-e51d75f19e6d}</UniqueIdentifier>
    </Filter>
    <Filter Include="Source Files\Round 715 Div. 2">
      <UniqueIdentifier>{e73e66f6-cb86-49cc-a34b-1e174e2dbb97}</UniqueIdentifier>
    </Filter>
    <Filter Include="Source Files\CodeJam Round 1B">
      <UniqueIdentifier>{ecd8b872-a629-496f-9e17-a473dee88d28}</UniqueIdentifier>
    </Filter>
    <Filter Include="Source Files\Round 718">
      <UniqueIdentifier>{a1fc828d-6f73-4452-a86a-9f0cbb90fb56}</UniqueIdentifier>
    </Filter>
    <Filter Include="Source Files\Round 108">
      <UniqueIdentifier>{d6780453-c848-47fe-b6c2-471d3b7d4ad0}</UniqueIdentifier>
    </Filter>
    <Filter Include="Source Files\ICPC Russia">
      <UniqueIdentifier>{1981feb4-eb26-4417-b851-3e5620deee85}</UniqueIdentifier>
    </Filter>
    <Filter Include="Source Files\Round 720 Div. 2">
      <UniqueIdentifier>{369eba7e-c8c0-4831-a389-6eb46d3dbbe2}</UniqueIdentifier>
    </Filter>
    <Filter Include="Source Files\Round 719 Div. 3">
      <UniqueIdentifier>{e09cfa10-795a-4a95-a568-9ff12b79b6e0}</UniqueIdentifier>
    </Filter>
    <Filter Include="Source Files\UCLA">
      <UniqueIdentifier>{07f395fb-8618-415b-89ae-ffc264dd4e86}</UniqueIdentifier>
    </Filter>
    <Filter Include="Round 719 Div. 3">
      <UniqueIdentifier>{7d3233b9-2de2-4751-b355-f0621969aae1}</UniqueIdentifier>
    </Filter>
    <Filter Include="Round 723 Div. 2">
      <UniqueIdentifier>{724bfb6b-9a87-423a-bc5e-a2a8f5664a75}</UniqueIdentifier>
    </Filter>
    <Filter Include="Source Files\Round 727 Div. 2">
      <UniqueIdentifier>{367822df-2f2e-4749-bfb3-199b405da513}</UniqueIdentifier>
    </Filter>
  </ItemGroup>
  <ItemGroup>
    <ClCompile Include="SubsetMax.cpp">
      <Filter>Source Files</Filter>
    </ClCompile>
    <ClCompile Include="1496A.cpp">
      <Filter>Source Files\Round 706 Div. 2</Filter>
    </ClCompile>
    <ClCompile Include="1496B.cpp">
      <Filter>Source Files\Round 706 Div. 2</Filter>
    </ClCompile>
    <ClCompile Include="1497A.cpp">
      <Filter>Source Files\Round 708 Div. 2</Filter>
    </ClCompile>
    <ClCompile Include="1497B.cpp">
      <Filter>Source Files\Round 708 Div. 2</Filter>
    </ClCompile>
    <ClCompile Include="1497-C1.cpp">
      <Filter>Source Files\Round 708 Div. 2</Filter>
    </ClCompile>
    <ClCompile Include="1497E1.cpp">
      <Filter>Source Files\Round 708 Div. 2</Filter>
    </ClCompile>
    <ClCompile Include="1499B.cpp">
      <Filter>Source Files\Round 106 Div. 2</Filter>
    </ClCompile>
    <ClCompile Include="1500A.cpp">
      <Filter>Source Files\Round 707 Div. 1</Filter>
    </ClCompile>
    <ClCompile Include="1501A.cpp">
      <Filter>Source Files\Round 707 Div. 2</Filter>
    </ClCompile>
    <ClCompile Include="1501B.cpp">
      <Filter>Source Files\Round 707 Div. 2</Filter>
    </ClCompile>
    <ClCompile Include="1495B.cpp">
      <Filter>Source Files\Round 706 Div. 1</Filter>
    </ClCompile>
    <ClCompile Include="102986A.cpp">
      <Filter>Source Files\UTPC Div. 2</Filter>
    </ClCompile>
    <ClCompile Include="102986B.cpp">
      <Filter>Source Files\UTPC Div. 2</Filter>
    </ClCompile>
    <ClCompile Include="102985C.cpp">
      <Filter>Source Files\UTPC Div. 1</Filter>
    </ClCompile>
    <ClCompile Include="102985D.cpp">
      <Filter>Source Files\UTPC Div. 1</Filter>
    </ClCompile>
    <ClCompile Include="102985E.cpp">
      <Filter>Source Files\UTPC Div. 1</Filter>
    </ClCompile>
    <ClCompile Include="ReverseSortcpp.cpp">
      <Filter>Source Files\CodeJam</Filter>
    </ClCompile>
    <ClCompile Include="CJ.cpp">
      <Filter>Source Files\CodeJam</Filter>
    </ClCompile>
    <ClCompile Include="ReverseSortEngineering.cpp">
      <Filter>Source Files\CodeJam</Filter>
    </ClCompile>
    <ClCompile Include="MedianSort.cpp">
      <Filter>Source Files\CodeJam</Filter>
    </ClCompile>
    <ClCompile Include="1506D.cpp">
      <Filter>Source Files\Round 710 Div. 3</Filter>
    </ClCompile>
    <ClCompile Include="1499A.cpp">
      <Filter>Source Files\Round 106 Div. 2</Filter>
    </ClCompile>
    <ClCompile Include="1506E.cpp">
      <Filter>Source Files\Round 710 Div. 3</Filter>
    </ClCompile>
    <ClCompile Include="1506C.cpp">
      <Filter>Source Files\Round 710 Div. 3</Filter>
    </ClCompile>
    <ClCompile Include="1494B.cpp">
      <Filter>Source Files\Round 105 Div. 2</Filter>
    </ClCompile>
    <ClCompile Include="1506B.cpp">
      <Filter>Source Files\Round 710 Div. 3</Filter>
    </ClCompile>
    <ClCompile Include="1506A.cpp">
      <Filter>Source Files\Round 710 Div. 3</Filter>
    </ClCompile>
    <ClCompile Include="1398C.cpp">
      <Filter>Source Files\Round 93 Div.  2</Filter>
    </ClCompile>
    <ClCompile Include="1492C.cpp">
      <Filter>Source Files\Round 704 Div. 2</Filter>
    </ClCompile>
    <ClCompile Include="1491A.cpp">
      <Filter>Source Files\Round 13</Filter>
    </ClCompile>
    <ClCompile Include="1510K.cpp">
      <Filter>Source Files\ICPC Russia</Filter>
    </ClCompile>
    <ClCompile Include="1504B.cpp">
      <Filter>Source Files\Round 712 Div. 2</Filter>
    </ClCompile>
    <ClCompile Include="1510D.cpp">
      <Filter>Source Files\ICPC Russia</Filter>
    </ClCompile>
    <ClCompile Include="1503A.cpp">
      <Filter>Source Files\Round 712 Div. 1</Filter>
    </ClCompile>
    <ClCompile Include="1498B.cpp">
      <Filter>Source Files\Round 711 Div. 2</Filter>
    </ClCompile>
    <ClCompile Include="1504D.cpp">
      <Filter>Source Files\Round 712 Div. 2</Filter>
    </ClCompile>
    <ClCompile Include="CodeJam1AA.cpp">
      <Filter>Source Files\CodeJam Round 1A</Filter>
    </ClCompile>
    <ClCompile Include="CodeJam1AB.cpp">
      <Filter>Source Files\CodeJam Round 1A</Filter>
    </ClCompile>
    <ClCompile Include="CodeJamRound1AC.cpp">
      <Filter>Source Files\CodeJam Round 1A</Filter>
    </ClCompile>
    <ClCompile Include="1498C.cpp">
      <Filter>Source Files\Round 711 Div. 2</Filter>
    </ClCompile>
    <ClCompile Include="1491C.cpp">
      <Filter>Source Files\Round 13</Filter>
    </ClCompile>
    <ClCompile Include="1490E.cpp">
      <Filter>Source Files\Round 703 Div. 3</Filter>
    </ClCompile>
    <ClCompile Include="1513C.cpp">
      <Filter>Source Files\Round 714 Div. 2</Filter>
    </ClCompile>
    <ClCompile Include="1509C.cpp">
      <Filter>Source Files\Round 715 Div. 2</Filter>
    </ClCompile>
    <ClCompile Include="CodeJam1BA.cpp">
      <Filter>Source Files\CodeJam Round 1B</Filter>
    </ClCompile>
    <ClCompile Include="1517C.cpp">
      <Filter>Source Files\Round 718</Filter>
    </ClCompile>
    <ClCompile Include="1519D.cpp">
      <Filter>Source Files\Round 108</Filter>
    </ClCompile>
    <ClCompile Include="1521B.cpp">
      <Filter>Source Files\Round 720 Div. 2</Filter>
    </ClCompile>
    <ClCompile Include="1520F1.cpp">
      <Filter>Source Files\Round 719 Div. 3</Filter>
    </ClCompile>
    <ClCompile Include="UCLA-A.cpp">
      <Filter>Source Files\UCLA</Filter>
    </ClCompile>
    <ClCompile Include="UCLA-B.cpp">
      <Filter>Source Files\UCLA</Filter>
    </ClCompile>
    <ClCompile Include="UCLA-C.cpp">
      <Filter>Source Files\UCLA</Filter>
    </ClCompile>
    <ClCompile Include="UCLA-D.cpp">
      <Filter>Source Files\UCLA</Filter>
    </ClCompile>
    <ClCompile Include="UCLA-E.cpp">
      <Filter>Source Files\UCLA</Filter>
    </ClCompile>
    <ClCompile Include="UCLA-Team-A.cpp">
      <Filter>Source Files\UCLA</Filter>
    </ClCompile>
    <ClCompile Include="UCLA-Team-B.cpp">
      <Filter>Source Files\UCLA</Filter>
    </ClCompile>
    <ClCompile Include="UCLA-Team-E.cpp">
      <Filter>Source Files\UCLA</Filter>
    </ClCompile>
    <ClCompile Include="UCLA-Team-H.cpp">
      <Filter>Source Files\UCLA</Filter>
    </ClCompile>
    <ClCompile Include="UCLA-Team-D.cpp">
      <Filter>Source Files\UCLA</Filter>
    </ClCompile>
    <ClCompile Include="1520E.cpp">
      <Filter>Round 719 Div. 3</Filter>
    </ClCompile>
    <ClCompile Include="1526C1.cpp">
      <Filter>Round 723 Div. 2</Filter>
    </ClCompile>
    <ClCompile Include="1539D.cpp">
      <Filter>Source Files\Round 727 Div. 2</Filter>
    </ClCompile>
    <ClCompile Include="1539C.cpp">
      <Filter>Source Files\Round 727 Div. 2</Filter>
    </ClCompile>
  </ItemGroup>
  <ItemGroup>
    <None Include="1493B.cpp">
      <Filter>Source Files\Round 705 Div. 2</Filter>
    </None>
  </ItemGroup>
  <ItemGroup>
    <ClInclude Include="bigint.h">
      <Filter>Source Files</Filter>
    </ClInclude>
  </ItemGroup>
</Project>